{
  "name": "safari-browser",
  "version": "1.0.0",
  "lockfileVersion": 2,
  "requires": true,
  "packages": {
    "": {
      "name": "safari-browser",
      "version": "1.0.0",
      "license": "ISC",
      "devDependencies": {
        "playwright": "^1.25.0"
      }
    },
    "node_modules/playwright": {
      "version": "1.25.0",
      "resolved": "http://sdf.csin.cz/artifactory/api/npm/npm-virtual/playwright/-/playwright-1.25.0.tgz",
      "integrity": "sha1-peMXyMIHuSHn2hdQfvnsKYM2eXA=",
      "dev": true,
      "hasInstallScript": true,
      "license": "Apache-2.0",
      "dependencies": {
        "playwright-core": "1.25.0"
      },
      "bin": {
        "playwright": "cli.js"
      },
      "engines": {
        "node": ">=14"
      }
    },
    "node_modules/playwright-core": {
      "version": "1.25.0",
      "resolved": "http://sdf.csin.cz/artifactory/api/npm/npm-virtual/playwright-core/-/playwright-core-1.25.0.tgz",
      "integrity": "sha1-VNyGfGwsxeQjOQXiSSBqApFNFPE=",
      "dev": true,
      "license": "Apache-2.0",
      "bin": {
        "playwright": "cli.js"
      },
      "engines": {
        "node": ">=14"
      }
    }
  },
  "dependencies": {
    "playwright": {
      "version": "1.25.0",
      "resolved": "http://sdf.csin.cz/artifactory/api/npm/npm-virtual/playwright/-/playwright-1.25.0.tgz",
      "integrity": "sha1-peMXyMIHuSHn2hdQfvnsKYM2eXA=",
      "dev": true,
      "requires": {
        "playwright-core": "1.25.0"
      }
    },
    "playwright-core": {
      "version": "1.25.0",
      "resolved": "http://sdf.csin.cz/artifactory/api/npm/npm-virtual/playwright-core/-/playwright-core-1.25.0.tgz",
      "integrity": "sha1-VNyGfGwsxeQjOQXiSSBqApFNFPE=",
      "dev": true
    }
  }
}
